// !$*UTF8*$!
{
	archiveVersion = 1;
	classes = {
	};
	objectVersion = 46;
	objects = {

/* Begin PBXBuildFile section */
		7CC835858D31118025B66E16 /* Pods_Tumblr.framework in Frameworks */ = {isa = PBXBuildFile; fileRef = A5F80A92E438F6F58F3856C4 /* Pods_Tumblr.framework */; };
		893C5EDF1E43F076000379EF /* AppDelegate.swift in Sources */ = {isa = PBXBuildFile; fileRef = 893C5EDE1E43F076000379EF /* AppDelegate.swift */; };
		893C5EE41E43F076000379EF /* Main.storyboard in Resources */ = {isa = PBXBuildFile; fileRef = 893C5EE21E43F076000379EF /* Main.storyboard */; };
		893C5EE71E43F076000379EF /* Tumblr.xcdatamodeld in Sources */ = {isa = PBXBuildFile; fileRef = 893C5EE51E43F076000379EF /* Tumblr.xcdatamodeld */; };
		893C5EE91E43F076000379EF /* Assets.xcassets in Resources */ = {isa = PBXBuildFile; fileRef = 893C5EE81E43F076000379EF /* Assets.xcassets */; };
		893C5EEC1E43F076000379EF /* LaunchScreen.storyboard in Resources */ = {isa = PBXBuildFile; fileRef = 893C5EEA1E43F076000379EF /* LaunchScreen.storyboard */; };
		893C5EF41E43F192000379EF /* PhotosViewController.swift in Sources */ = {isa = PBXBuildFile; fileRef = 893C5EF31E43F192000379EF /* PhotosViewController.swift */; };
		893C5EF61E43F594000379EF /* PhotoCellTableViewCell.swift in Sources */ = {isa = PBXBuildFile; fileRef = 893C5EF51E43F594000379EF /* PhotoCellTableViewCell.swift */; };
/* End PBXBuildFile section */

/* Begin PBXFileReference section */
		4CFA83C9314EF197C5DBF792 /* Pods-Tumblr.release.xcconfig */ = {isa = PBXFileReference; includeInIndex = 1; lastKnownFileType = text.xcconfig; name = "Pods-Tumblr.release.xcconfig"; path = "Pods/Target Support Files/Pods-Tumblr/Pods-Tumblr.release.xcconfig"; sourceTree = "<group>"; };
		893C5EDB1E43F076000379EF /* Tumblr.app */ = {isa = PBXFileReference; explicitFileType = wrapper.application; includeInIndex = 0; path = Tumblr.app; sourceTree = BUILT_PRODUCTS_DIR; };
		893C5EDE1E43F076000379EF /* AppDelegate.swift */ = {isa = PBXFileReference; lastKnownFileType = sourcecode.swift; path = AppDelegate.swift; sourceTree = "<group>"; };
		893C5EE31E43F076000379EF /* Base */ = {isa = PBXFileReference; lastKnownFileType = file.storyboard; name = Base; path = Base.lproj/Main.storyboard; sourceTree = "<group>"; };
		893C5EE61E43F076000379EF /* Tumblr.xcdatamodel */ = {isa = PBXFileReference; lastKnownFileType = wrapper.xcdatamodel; path = Tumblr.xcdatamodel; sourceTree = "<group>"; };
		893C5EE81E43F076000379EF /* Assets.xcassets */ = {isa = PBXFileReference; lastKnownFileType = folder.assetcatalog; path = Assets.xcassets; sourceTree = "<group>"; };
		893C5EEB1E43F076000379EF /* Base */ = {isa = PBXFileReference; lastKnownFileType = file.storyboard; name = Base; path = Base.lproj/LaunchScreen.storyboard; sourceTree = "<group>"; };
		893C5EED1E43F076000379EF /* Info.plist */ = {isa = PBXFileReference; lastKnownFileType = text.plist.xml; path = Info.plist; sourceTree = "<group>"; };
		893C5EF31E43F192000379EF /* PhotosViewController.swift */ = {isa = PBXFileReference; fileEncoding = 4; lastKnownFileType = sourcecode.swift; path = PhotosViewController.swift; sourceTree = "<group>"; };
		893C5EF51E43F594000379EF /* PhotoCellTableViewCell.swift */ = {isa = PBXFileReference; fileEncoding = 4; lastKnownFileType = sourcecode.swift; path = PhotoCellTableViewCell.swift; sourceTree = "<group>"; };
		A5F80A92E438F6F58F3856C4 /* Pods_Tumblr.framework */ = {isa = PBXFileReference; explicitFileType = wrapper.framework; includeInIndex = 0; path = Pods_Tumblr.framework; sourceTree = BUILT_PRODUCTS_DIR; };
		CFB2472DA3B41A8D5899C1B4 /* Pods-Tumblr.debug.xcconfig */ = {isa = PBXFileReference; includeInIndex = 1; lastKnownFileType = text.xcconfig; name = "Pods-Tumblr.debug.xcconfig"; path = "Pods/Target Support Files/Pods-Tumblr/Pods-Tumblr.debug.xcconfig"; sourceTree = "<group>"; };
/* End PBXFileReference section */

/* Begin PBXFrameworksBuildPhase section */
		893C5ED81E43F076000379EF /* Frameworks */ = {
			isa = PBXFrameworksBuildPhase;
			buildActionMask = 2147483647;
			files = (
				7CC835858D31118025B66E16 /* Pods_Tumblr.framework in Frameworks */,
			);
			runOnlyForDeploymentPostprocessing = 0;
		};
/* End PBXFrameworksBuildPhase section */

/* Begin PBXGroup section */
		893C5ED21E43F076000379EF = {
			isa = PBXGroup;
			children = (
				893C5EDD1E43F076000379EF /* Tumblr */,
				893C5EDC1E43F076000379EF /* Products */,
				9071F45258284E5432B4C61E /* Pods */,
				F0A491F641BED5A7F30A33C7 /* Frameworks */,
			);
			sourceTree = "<group>";
		};
		893C5EDC1E43F076000379EF /* Products */ = {
			isa = PBXGroup;
			children = (
				893C5EDB1E43F076000379EF /* Tumblr.app */,
			);
			name = Products;
			sourceTree = "<group>";
		};
		893C5EDD1E43F076000379EF /* Tumblr */ = {
			isa = PBXGroup;
			children = (
				893C5EDE1E43F076000379EF /* AppDelegate.swift */,
				893C5EE21E43F076000379EF /* Main.storyboard */,
				893C5EE81E43F076000379EF /* Assets.xcassets */,
				893C5EEA1E43F076000379EF /* LaunchScreen.storyboard */,
				893C5EED1E43F076000379EF /* Info.plist */,
				893C5EE51E43F076000379EF /* Tumblr.xcdatamodeld */,
				893C5EF31E43F192000379EF /* PhotosViewController.swift */,
				893C5EF51E43F594000379EF /* PhotoCellTableViewCell.swift */,
			);
			path = Tumblr;
			sourceTree = "<group>";
		};
		9071F45258284E5432B4C61E /* Pods */ = {
			isa = PBXGroup;
			children = (
				CFB2472DA3B41A8D5899C1B4 /* Pods-Tumblr.debug.xcconfig */,
				4CFA83C9314EF197C5DBF792 /* Pods-Tumblr.release.xcconfig */,
			);
			name = Pods;
			sourceTree = "<group>";
		};
		F0A491F641BED5A7F30A33C7 /* Frameworks */ = {
			isa = PBXGroup;
			children = (
				A5F80A92E438F6F58F3856C4 /* Pods_Tumblr.framework */,
			);
			name = Frameworks;
			sourceTree = "<group>";
		};
/* End PBXGroup section */

/* Begin PBXNativeTarget section */
		893C5EDA1E43F076000379EF /* Tumblr */ = {
			isa = PBXNativeTarget;
			buildConfigurationList = 893C5EF01E43F076000379EF /* Build configuration list for PBXNativeTarget "Tumblr" */;
			buildPhases = (
				86BE49093EF5B8F279F1F957 /* [CP] Check Pods Manifest.lock */,
				893C5ED71E43F076000379EF /* Sources */,
				893C5ED81E43F076000379EF /* Frameworks */,
				893C5ED91E43F076000379EF /* Resources */,
				73CB1842E0F0CC8B8897B24B /* [CP] Embed Pods Frameworks */,
				E2F306534A584278BC81F9E0 /* [CP] Copy Pods Resources */,
			);
			buildRules = (
			);
			dependencies = (
			);
			name = Tumblr;
			productName = Tumblr;
			productReference = 893C5EDB1E43F076000379EF /* Tumblr.app */;
			productType = "com.apple.product-type.application";
		};
/* End PBXNativeTarget section */

/* Begin PBXProject section */
		893C5ED31E43F076000379EF /* Project object */ = {
			isa = PBXProject;
			attributes = {
				LastSwiftUpdateCheck = 0820;
				LastUpgradeCheck = 0820;
				ORGANIZATIONNAME = "Aditya Dhingra";
				TargetAttributes = {
					893C5EDA1E43F076000379EF = {
						CreatedOnToolsVersion = 8.2.1;
						DevelopmentTeam = WD5637H5AA;
						ProvisioningStyle = Automatic;
					};
				};
			};
			buildConfigurationList = 893C5ED61E43F076000379EF /* Build configuration list for PBXProject "Tumblr" */;
			compatibilityVersion = "Xcode 3.2";
			developmentRegion = English;
			hasScannedForEncodings = 0;
			knownRegions = (
				en,
				Base,
			);
			mainGroup = 893C5ED21E43F076000379EF;
			productRefGroup = 893C5EDC1E43F076000379EF /* Products */;
			projectDirPath = "";
			projectRoot = "";
			targets = (
				893C5EDA1E43F076000379EF /* Tumblr */,
			);
		};
/* End PBXProject section */

/* Begin PBXResourcesBuildPhase section */
		893C5ED91E43F076000379EF /* Resources */ = {
			isa = PBXResourcesBuildPhase;
			buildActionMask = 2147483647;
			files = (
				893C5EEC1E43F076000379EF /* LaunchScreen.storyboard in Resources */,
				893C5EE91E43F076000379EF /* Assets.xcassets in Resources */,
				893C5EE41E43F076000379EF /* Main.storyboard in Resources */,
			);
			runOnlyForDeploymentPostprocessing = 0;
		};
/* End PBXResourcesBuildPhase section */

/* Begin PBXShellScriptBuildPhase section */
		73CB1842E0F0CC8B8897B24B /* [CP] Embed Pods Frameworks */ = {
			isa = PBXShellScriptBuildPhase;
			buildActionMask = 2147483647;
			files = (
			);
			inputPaths = (
			);
			name = "[CP] Embed Pods Frameworks";
			outputPaths = (
			);
			runOnlyForDeploymentPostprocessing = 0;
			shellPath = /bin/sh;
			shellScript = "\"${SRCROOT}/Pods/Target Support Files/Pods-Tumblr/Pods-Tumblr-frameworks.sh\"\n";
			showEnvVarsInLog = 0;
		};
		86BE49093EF5B8F279F1F957 /* [CP] Check Pods Manifest.lock */ = {
			isa = PBXShellScriptBuildPhase;
			buildActionMask = 2147483647;
			files = (
			);
			inputPaths = (
			);
			name = "[CP] Check Pods Manifest.lock";
			outputPaths = (
			);
			runOnlyForDeploymentPostprocessing = 0;
			shellPath = /bin/sh;
			shellScript = "diff \"${PODS_ROOT}/../Podfile.lock\" \"${PODS_ROOT}/Manifest.lock\" > /dev/null\nif [[ $? != 0 ]] ; then\n    cat << EOM\nerror: The sandbox is not in sync with the Podfile.lock. Run 'pod install' or update your CocoaPods installation.\nEOM\n    exit 1\nfi\n";
			showEnvVarsInLog = 0;
		};
		E2F306534A584278BC81F9E0 /* [CP] Copy Pods Resources */ = {
			isa = PBXShellScriptBuildPhase;
			buildActionMask = 2147483647;
			files = (
			);
			inputPaths = (
			);
			name = "[CP] Copy Pods Resources";
			outputPaths = (
			);
			runOnlyForDeploymentPostprocessing = 0;
			shellPath = /bin/sh;
			shellScript = "\"${SRCROOT}/Pods/Target Support Files/Pods-Tumblr/Pods-Tumblr-resources.sh\"\n";
			showEnvVarsInLog = 0;
		};
/* End PBXShellScriptBuildPhase section */

/* Begin PBXSourcesBuildPhase section */
		893C5ED71E43F076000379EF /* Sources */ = {
			isa = PBXSourcesBuildPhase;
			buildActionMask = 2147483647;
			files = (
				893C5EF61E43F594000379EF /* PhotoCellTableViewCell.swift in Sources */,
				893C5EF41E43F192000379EF /* PhotosViewController.swift in Sources */,
				893C5EE71E43F076000379EF /* Tumblr.xcdatamodeld in Sources */,
				893C5EDF1E43F076000379EF /* AppDelegate.swift in Sources */,
			);
			runOnlyForDeploymentPostprocessing = 0;
		};
/* End PBXSourcesBuildPhase section */

/* Begin PBXVariantGroup section */
		893C5EE21E43F076000379EF /* Main.storyboard */ = {
			isa = PBXVariantGroup;
			children = (
				893C5EE31E43F076000379EF /* Base */,
			);
			name = Main.storyboard;
			sourceTree = "<group>";
		};
		893C5EEA1E43F076000379EF /* LaunchScreen.storyboard */ = {
			isa = PBXVariantGroup;
			children = (
				893C5EEB1E43F076000379EF /* Base */,
			);
			name = LaunchScreen.storyboard;
			sourceTree = "<group>";
		};
/* End PBXVariantGroup section */

/* Begin XCBuildConfiguration section */
		893C5EEE1E43F076000379EF /* Debug */ = {
			isa = XCBuildConfiguration;
			buildSettings = {
				ALWAYS_SEARCH_USER_PATHS = NO;
				CLANG_ANALYZER_NONNULL = YES;
				CLANG_CXX_LANGUAGE_STANDARD = "gnu++0x";
				CLANG_CXX_LIBRARY = "libc++";
				CLANG_ENABLE_MODULES = YES;
				CLANG_ENABLE_OBJC_ARC = YES;
				CLANG_WARN_BOOL_CONVERSION = YES;
				CLANG_WARN_CONSTANT_CONVERSION = YES;
				CLANG_WARN_DIRECT_OBJC_ISA_USAGE = YES_ERROR;
				CLANG_WARN_DOCUMENTATION_COMMENTS = YES;
				CLANG_WARN_EMPTY_BODY = YES;
				CLANG_WARN_ENUM_CONVERSION = YES;
				CLANG_WARN_INFINITE_RECURSION = YES;
				CLANG_WARN_INT_CONVERSION = YES;
				CLANG_WARN_OBJC_ROOT_CLASS = YES_ERROR;
				CLANG_WARN_SUSPICIOUS_MOVE = YES;
				CLANG_WARN_UNREACHABLE_CODE = YES;
				CLANG_WARN__DUPLICATE_METHOD_MATCH = YES;
				"CODE_SIGN_IDENTITY[sdk=iphoneos*]" = "iPhone Developer";
				COPY_PHASE_STRIP = NO;
				DEBUG_INFORMATION_FORMAT = dwarf;
				ENABLE_STRICT_OBJC_MSGSEND = YES;
				ENABLE_TESTABILITY = YES;
				GCC_C_LANGUAGE_STANDARD = gnu99;
				GCC_DYNAMIC_NO_PIC = NO;
				GCC_NO_COMMON_BLOCKS = YES;
				GCC_OPTIMIZATION_LEVEL = 0;
				GCC_PREPROCESSOR_DEFINITIONS = (
					"DEBUG=1",
					"$(inherited)",
				);
				GCC_WARN_64_TO_32_BIT_CONVERSION = YES;
				GCC_WARN_ABOUT_RETURN_TYPE = YES_ERROR;
				GCC_WARN_UNDECLARED_SELECTOR = YES;
				GCC_WARN_UNINITIALIZED_AUTOS = YES_AGGRESSIVE;
				GCC_WARN_UNUSED_FUNCTION = YES;
				GCC_WARN_UNUSED_VARIABLE = YES;
				IPHONEOS_DEPLOYMENT_TARGET = 10.2;
				MTL_ENABLE_DEBUG_INFO = YES;
				ONLY_ACTIVE_ARCH = YES;
				SDKROOT = iphoneos;
				SWIFT_ACTIVE_COMPILATION_CONDITIONS = DEBUG;
				SWIFT_OPTIMIZATION_LEVEL = "-Onone";
			};
			name = Debug;
		};
		893C5EEF1E43F076000379EF /* Release */ = {
			isa = XCBuildConfiguration;
			buildSettings = {
				ALWAYS_SEARCH_USER_PATHS = NO;
				CLANG_ANALYZER_NONNULL = YES;
				CLANG_CXX_LANGUAGE_STANDARD = "gnu++0x";
				CLANG_CXX_LIBRARY = "libc++";
				CLANG_ENABLE_MODULES = YES;
				CLANG_ENABLE_OBJC_ARC = YES;
				CLANG_WARN_BOOL_CONVERSION = YES;
				CLANG_WARN_CONSTANT_CONVERSION = YES;
				CLANG_WARN_DIRECT_OBJC_ISA_USAGE = YES_ERROR;
				CLANG_WARN_DOCUMENTATION_COMMENTS = YES;
				CLANG_WARN_EMPTY_BODY = YES;
				CLANG_WARN_ENUM_CONVERSION = YES;
				CLANG_WARN_INFINITE_RECURSION = YES;
				CLANG_WARN_INT_CONVERSION = YES;
				CLANG_WARN_OBJC_ROOT_CLASS = YES_ERROR;
				CLANG_WARN_SUSPICIOUS_MOVE = YES;
				CLANG_WARN_UNREACHABLE_CODE = YES;
				CLANG_WARN__DUPLICATE_METHOD_MATCH = YES;
				"CODE_SIGN_IDENTITY[sdk=iphoneos*]" = "iPhone Developer";
				COPY_PHASE_STRIP = NO;
				DEBUG_INFORMATION_FORMAT = "dwarf-with-dsym";
				ENABLE_NS_ASSERTIONS = NO;
				ENABLE_STRICT_OBJC_MSGSEND = YES;
				GCC_C_LANGUAGE_STANDARD = gnu99;
				GCC_NO_COMMON_BLOCKS = YES;
				GCC_WARN_64_TO_32_BIT_CONVERSION = YES;
				GCC_WARN_ABOUT_RETURN_TYPE = YES_ERROR;
				GCC_WARN_UNDECLARED_SELECTOR = YES;
				GCC_WARN_UNINITIALIZED_AUTOS = YES_AGGRESSIVE;
				GCC_WARN_UNUSED_FUNCTION = YES;
				GCC_WARN_UNUSED_VARIABLE = YES;
				IPHONEOS_DEPLOYMENT_TARGET = 10.2;
				MTL_ENABLE_DEBUG_INFO = NO;
				SDKROOT = iphoneos;
				SWIFT_OPTIMIZATION_LEVEL = "-Owholemodule";
				VALIDATE_PRODUCT = YES;
			};
			name = Release;
		};
		893C5EF11E43F076000379EF /* Debug */ = {
			isa = XCBuildConfiguration;
			baseConfigurationReference = CFB2472DA3B41A8D5899C1B4 /* Pods-Tumblr.debug.xcconfig */;
			buildSettings = {
				ASSETCATALOG_COMPILER_APPICON_NAME = AppIcon;
				DEVELOPMENT_TEAM = WD5637H5AA;
				INFOPLIST_FILE = Tumblr/Info.plist;
				LD_RUNPATH_SEARCH_PATHS = "$(inherited) @executable_path/Frameworks";
				PRODUCT_BUNDLE_IDENTIFIER = adityadhingra.com.Tumblr;
				PRODUCT_NAME = "$(TARGET_NAME)";
				SWIFT_VERSION = 3.0;
			};
			name = Debug;
		};
		893C5EF21E43F076000379EF /* Release */ = {
			isa = XCBuildConfiguration;
			baseConfigurationReference = 4CFA83C9314EF197C5DBF792 /* Pods-Tumblr.release.xcconfig */;
			buildSettings = {
				ASSETCATALOG_COMPILER_APPICON_NAME = AppIcon;
				DEVELOPMENT_TEAM = WD5637H5AA;
				INFOPLIST_FILE = Tumblr/Info.plist;
				LD_RUNPATH_SEARCH_PATHS = "$(inherited) @executable_path/Frameworks";
				PRODUCT_BUNDLE_IDENTIFIER = adityadhingra.com.Tumblr;
				PRODUCT_NAME = "$(TARGET_NAME)";
				SWIFT_VERSION = 3.0;
			};
			name = Release;
		};
/* End XCBuildConfiguration section */

/* Begin XCConfigurationList section */
		893C5ED61E43F076000379EF /* Build configuration list for PBXProject "Tumblr" */ = {
			isa = XCConfigurationList;
			buildConfigurations = (
				893C5EEE1E43F076000379EF /* Debug */,
				893C5EEF1E43F076000379EF /* Release */,
			);
			defaultConfigurationIsVisible = 0;
			defaultConfigurationName = Release;
		};
		893C5EF01E43F076000379EF /* Build configuration list for PBXNativeTarget "Tumblr" */ = {
			isa = XCConfigurationList;
			buildConfigurations = (
				893C5EF11E43F076000379EF /* Debug */,
				893C5EF21E43F076000379EF /* Release */,
			);
			defaultConfigurationIsVisible = 0;
			defaultConfigurationName = Release;
		};
/* End XCConfigurationList section */

/* Begin XCVersionGroup section */
		893C5EE51E43F076000379EF /* Tumblr.xcdatamodeld */ = {
			isa = XCVersionGroup;
			children = (
				893C5EE61E43F076000379EF /* Tumblr.xcdatamodel */,
			);
			currentVersion = 893C5EE61E43F076000379EF /* Tumblr.xcdatamodel */;
			path = Tumblr.xcdatamodeld;
			sourceTree = "<group>";
			versionGroupType = wrapper.xcdatamodel;
		};
/* End XCVersionGroup section */
	};
	rootObject = 893C5ED31E43F076000379EF /* Project object */;
}
